
Microsoft Visual Studio Solution File, Format Version 12.00
# Visual Studio 14
VisualStudioVersion = 14.0.23107.0
MinimumVisualStudioVersion = 10.0.40219.1
Project("{FAE04EC0-301F-11D3-BF4B-00C04F79EFBC}") = "四显示自动闭塞", "四显示自动闭塞\四显示自动闭塞.csproj", "{F650C708-A64D-45CA-BC8B-B1DBEF2F3B43}"
EndProject
Global
	GlobalSection(SolutionConfigurationPlatforms) = preSolution
		Debug|Any CPU = Debug|Any CPU
		Release|Any CPU = Release|Any CPU
	EndGlobalSection
	GlobalSection(ProjectConfigurationPlatforms) = postSolution
		{F650C708-A64D-45CA-BC8B-B1DBEF2F3B43}.Debug|Any CPU.ActiveCfg = Debug|Any CPU
		{F650C708-A64D-45CA-BC8B-B1DBEF2F3B43}.Debug|Any CPU.Build.0 = Debug|Any CPU
		{F650C708-A64D-45CA-BC8B-B1DBEF2F3B43}.Release|Any CPU.ActiveCfg = Release|Any CPU
		{F650C708-A64D-45CA-BC8B-B1DBEF2F3B43}.Release|Any CPU.Build.0 = Release|Any CPU
	EndGlobalSection
	GlobalSection(SolutionProperties) = preSolution
		HideSolutionNode = FALSE
	EndGlobalSection
EndGlobal
